{
    "_meta": {
        "hash": {
            "sha256": "386d51ea3b7bde9218b52aa70b857b7406d986ccc264b5e55f8e899db9bfeb37"
        },
        "pipfile-spec": 6,
        "requires": {
            "python_version": "3.8"
        },
        "sources": [
            {
                "name": "pypi",
                "url": "https://pypi.org/simple",
                "verify_ssl": false
            }
        ]
    },
    "default": {
        "aenum": {
            "hashes": [
                "sha256:81828d1fbe20b6b188d75b21a0fa936d7d929d839ef843ef385d9c2a97082864",
                "sha256:85adabd63183d283250bf7acd9fa23c7e45b1c8d1efbb84b233160f3c438dc18",
                "sha256:bcb4fd350d36af336b6b5898e5d89f76344621d9c1b2de69c81acf1d3e6b1145"
            ],
            "index": "pypi",
            "version": "==2.2.4"
        },
        "aiohttp": {
            "hashes": [
                "sha256:1e984191d1ec186881ffaed4581092ba04f7c61582a177b187d3a2f07ed9719e",
                "sha256:259ab809ff0727d0e834ac5e8a283dc5e3e0ecc30c4d80b3cd17a4139ce1f326",
                "sha256:2f4d1a4fdce595c947162333353d4a44952a724fba9ca3205a3df99a33d1307a",
                "sha256:32e5f3b7e511aa850829fbe5aa32eb455e5534eaa4b1ce93231d00e2f76e5654",
                "sha256:344c780466b73095a72c616fac5ea9c4665add7fc129f285fbdbca3cccf4612a",
                "sha256:460bd4237d2dbecc3b5ed57e122992f60188afe46e7319116da5eb8a9dfedba4",
                "sha256:4c6efd824d44ae697814a2a85604d8e992b875462c6655da161ff18fd4f29f17",
                "sha256:50aaad128e6ac62e7bf7bd1f0c0a24bc968a0c0590a726d5a955af193544bcec",
                "sha256:6206a135d072f88da3e71cc501c59d5abffa9d0bb43269a6dcd28d66bfafdbdd",
                "sha256:65f31b622af739a802ca6fd1a3076fd0ae523f8485c52924a89561ba10c49b48",
                "sha256:ae55bac364c405caa23a4f2d6cfecc6a0daada500274ffca4a9230e7129eac59",
                "sha256:b778ce0c909a2653741cb4b1ac7015b5c130ab9c897611df43ae6a58523cb965"
            ],
            "markers": "python_full_version >= '3.5.3'",
            "version": "==3.6.2"
        },
        "async-cse": {
            "hashes": [
                "sha256:fcb7c25331cb6fd410d1483b7b3ae0e3dd3cb8f071efbdffdb56082e4dee9859"
            ],
            "index": "pypi",
            "version": "==0.3.0"
        },
        "async-timeout": {
            "hashes": [
                "sha256:0c3c816a028d47f659d6ff5c745cb2acf1f966da1fe5c19c77a70282b25f4c5f",
                "sha256:4291ca197d287d274d0b6cb5d6f8f8f82d434ed288f962539ff18cc9012f9ea3"
            ],
            "markers": "python_full_version >= '3.5.3'",
            "version": "==3.0.1"
        },
        "attrs": {
            "hashes": [
                "sha256:26b54ddbbb9ee1d34d5d3668dd37d6cf74990ab23c828c2888dccdceee395594",
                "sha256:fce7fc47dfc976152e82d53ff92fa0407700c21acd20886a13777a0d20e655dc"
            ],
            "markers": "python_version >= '2.7' and python_version not in '3.0, 3.1, 3.2, 3.3'",
            "version": "==20.2.0"
        },
        "beautifulsoup4": {
            "hashes": [
                "sha256:73cc4d115b96f79c7d77c1c7f7a0a8d4c57860d1041df407dd1aae7f07a77fd7",
                "sha256:a6237df3c32ccfaee4fd201c8f5f9d9df619b93121d01353a64a73ce8c6ef9a8",
                "sha256:e718f2342e2e099b640a34ab782407b7b676f47ee272d6739e60b8ea23829f2c"
            ],
            "version": "==4.9.1"
        },
        "bs4": {
            "hashes": [
                "sha256:36ecea1fd7cc5c0c6e4a1ff075df26d50da647b75376626cc186e2212886dd3a"
            ],
            "index": "pypi",
            "version": "==0.0.1"
        },
        "certifi": {
            "hashes": [
                "sha256:5930595817496dd21bb8dc35dad090f1c2cd0adfaf21204bf6732ca5d8ee34d3",
                "sha256:8fc0819f1f30ba15bdb34cceffb9ef04d99f420f68eb75d901e9560b8749fc41"
            ],
            "version": "==2020.6.20"
        },
        "cffi": {
            "hashes": [
                "sha256:005f2bfe11b6745d726dbb07ace4d53f057de66e336ff92d61b8c7e9c8f4777d",
                "sha256:09e96138280241bd355cd585148dec04dbbedb4f46128f340d696eaafc82dd7b",
                "sha256:0b1ad452cc824665ddc682400b62c9e4f5b64736a2ba99110712fdee5f2505c4",
                "sha256:0ef488305fdce2580c8b2708f22d7785ae222d9825d3094ab073e22e93dfe51f",
                "sha256:15f351bed09897fbda218e4db5a3d5c06328862f6198d4fb385f3e14e19decb3",
                "sha256:22399ff4870fb4c7ef19fff6eeb20a8bbf15571913c181c78cb361024d574579",
                "sha256:23e5d2040367322824605bc29ae8ee9175200b92cb5483ac7d466927a9b3d537",
                "sha256:2791f68edc5749024b4722500e86303a10d342527e1e3bcac47f35fbd25b764e",
                "sha256:2f9674623ca39c9ebe38afa3da402e9326c245f0f5ceff0623dccdac15023e05",
                "sha256:3363e77a6176afb8823b6e06db78c46dbc4c7813b00a41300a4873b6ba63b171",
                "sha256:33c6cdc071ba5cd6d96769c8969a0531be2d08c2628a0143a10a7dcffa9719ca",
                "sha256:3b8eaf915ddc0709779889c472e553f0d3e8b7bdf62dab764c8921b09bf94522",
                "sha256:3cb3e1b9ec43256c4e0f8d2837267a70b0e1ca8c4f456685508ae6106b1f504c",
                "sha256:3eeeb0405fd145e714f7633a5173318bd88d8bbfc3dd0a5751f8c4f70ae629bc",
                "sha256:44f60519595eaca110f248e5017363d751b12782a6f2bd6a7041cba275215f5d",
                "sha256:4d7c26bfc1ea9f92084a1d75e11999e97b62d63128bcc90c3624d07813c52808",
                "sha256:529c4ed2e10437c205f38f3691a68be66c39197d01062618c55f74294a4a4828",
                "sha256:6642f15ad963b5092d65aed022d033c77763515fdc07095208f15d3563003869",
                "sha256:85ba797e1de5b48aa5a8427b6ba62cf69607c18c5d4eb747604b7302f1ec382d",
                "sha256:8f0f1e499e4000c4c347a124fa6a27d37608ced4fe9f7d45070563b7c4c370c9",
                "sha256:a624fae282e81ad2e4871bdb767e2c914d0539708c0f078b5b355258293c98b0",
                "sha256:b0358e6fefc74a16f745afa366acc89f979040e0cbc4eec55ab26ad1f6a9bfbc",
                "sha256:bbd2f4dfee1079f76943767fce837ade3087b578aeb9f69aec7857d5bf25db15",
                "sha256:bf39a9e19ce7298f1bd6a9758fa99707e9e5b1ebe5e90f2c3913a47bc548747c",
                "sha256:c11579638288e53fc94ad60022ff1b67865363e730ee41ad5e6f0a17188b327a",
                "sha256:c150eaa3dadbb2b5339675b88d4573c1be3cb6f2c33a6c83387e10cc0bf05bd3",
                "sha256:c53af463f4a40de78c58b8b2710ade243c81cbca641e34debf3396a9640d6ec1",
                "sha256:cb763ceceae04803adcc4e2d80d611ef201c73da32d8f2722e9d0ab0c7f10768",
                "sha256:cc75f58cdaf043fe6a7a6c04b3b5a0e694c6a9e24050967747251fb80d7bce0d",
                "sha256:d80998ed59176e8cba74028762fbd9b9153b9afc71ea118e63bbf5d4d0f9552b",
                "sha256:de31b5164d44ef4943db155b3e8e17929707cac1e5bd2f363e67a56e3af4af6e",
                "sha256:e66399cf0fc07de4dce4f588fc25bfe84a6d1285cc544e67987d22663393926d",
                "sha256:f0620511387790860b249b9241c2f13c3a80e21a73e0b861a2df24e9d6f56730",
                "sha256:f4eae045e6ab2bb54ca279733fe4eb85f1effda392666308250714e01907f394",
                "sha256:f92cdecb618e5fa4658aeb97d5eb3d2f47aa94ac6477c6daf0f306c5a3b9e6b1",
                "sha256:f92f789e4f9241cd262ad7a555ca2c648a98178a953af117ef7fad46aa1d5591"
            ],
            "version": "==1.14.3"
        },
        "chardet": {
            "hashes": [
                "sha256:84ab92ed1c4d4f16916e05906b6b75a6c0fb5db821cc65e70cbd64a3e2a5eaae",
                "sha256:fc323ffcaeaed0e0a02bf4d117757b98aed530d9ed4531e3e15460124c106691"
            ],
            "version": "==3.0.4"
        },
        "discord-py": {
            "extras": [
                "voice"
            ],
            "hashes": [
                "sha256:98ea3096a3585c9c379209926f530808f5fcf4930928d8cfb579d2562d119570",
                "sha256:f9decb3bfa94613d922376288617e6a6f969260923643e2897f4540c34793442"
            ],
            "index": "pypi",
            "version": "==1.4.1"
        },
        "idna": {
            "hashes": [
                "sha256:b307872f855b18632ce0c21c5e45be78c0ea7ae4c15c828c20788b26921eb3f6",
                "sha256:b97d804b1e9b523befed77c48dacec60e6dcb0b5391d57af6a65a312a90648c0"
            ],
            "markers": "python_version >= '2.7' and python_version not in '3.0, 3.1, 3.2, 3.3'",
            "version": "==2.10"
        },
        "lxml": {
            "hashes": [
                "sha256:05a444b207901a68a6526948c7cc8f9fe6d6f24c70781488e32fd74ff5996e3f",
                "sha256:08fc93257dcfe9542c0a6883a25ba4971d78297f63d7a5a26ffa34861ca78730",
                "sha256:107781b213cf7201ec3806555657ccda67b1fccc4261fb889ef7fc56976db81f",
                "sha256:121b665b04083a1e85ff1f5243d4a93aa1aaba281bc12ea334d5a187278ceaf1",
                "sha256:1fa21263c3aba2b76fd7c45713d4428dbcc7644d73dcf0650e9d344e433741b3",
                "sha256:2b30aa2bcff8e958cd85d907d5109820b01ac511eae5b460803430a7404e34d7",
                "sha256:4b4a111bcf4b9c948e020fd207f915c24a6de3f1adc7682a2d92660eb4e84f1a",
                "sha256:5591c4164755778e29e69b86e425880f852464a21c7bb53c7ea453bbe2633bbe",
                "sha256:59daa84aef650b11bccd18f99f64bfe44b9f14a08a28259959d33676554065a1",
                "sha256:5a9c8d11aa2c8f8b6043d845927a51eb9102eb558e3f936df494e96393f5fd3e",
                "sha256:5dd20538a60c4cc9a077d3b715bb42307239fcd25ef1ca7286775f95e9e9a46d",
                "sha256:74f48ec98430e06c1fa8949b49ebdd8d27ceb9df8d3d1c92e1fdc2773f003f20",
                "sha256:786aad2aa20de3dbff21aab86b2fb6a7be68064cbbc0219bde414d3a30aa47ae",
                "sha256:7ad7906e098ccd30d8f7068030a0b16668ab8aa5cda6fcd5146d8d20cbaa71b5",
                "sha256:80a38b188d20c0524fe8959c8ce770a8fdf0e617c6912d23fc97c68301bb9aba",
                "sha256:8f0ec6b9b3832e0bd1d57af41f9238ea7709bbd7271f639024f2fc9d3bb01293",
                "sha256:92282c83547a9add85ad658143c76a64a8d339028926d7dc1998ca029c88ea6a",
                "sha256:94150231f1e90c9595ccc80d7d2006c61f90a5995db82bccbca7944fd457f0f6",
                "sha256:9dc9006dcc47e00a8a6a029eb035c8f696ad38e40a27d073a003d7d1443f5d88",
                "sha256:a76979f728dd845655026ab991df25d26379a1a8fc1e9e68e25c7eda43004bed",
                "sha256:aa8eba3db3d8761db161003e2d0586608092e217151d7458206e243be5a43843",
                "sha256:bea760a63ce9bba566c23f726d72b3c0250e2fa2569909e2d83cda1534c79443",
                "sha256:c3f511a3c58676147c277eff0224c061dd5a6a8e1373572ac817ac6324f1b1e0",
                "sha256:c9d317efde4bafbc1561509bfa8a23c5cab66c44d49ab5b63ff690f5159b2304",
                "sha256:cc411ad324a4486b142c41d9b2b6a722c534096963688d879ea6fa8a35028258",
                "sha256:cdc13a1682b2a6241080745b1953719e7fe0850b40a5c71ca574f090a1391df6",
                "sha256:cfd7c5dd3c35c19cec59c63df9571c67c6d6e5c92e0fe63517920e97f61106d1",
                "sha256:e1cacf4796b20865789083252186ce9dc6cc59eca0c2e79cca332bdff24ac481",
                "sha256:e70d4e467e243455492f5de463b72151cc400710ac03a0678206a5f27e79ddef",
                "sha256:ecc930ae559ea8a43377e8b60ca6f8d61ac532fc57efb915d899de4a67928efd",
                "sha256:f161af26f596131b63b236372e4ce40f3167c1b5b5d459b29d2514bd8c9dc9ee"
            ],
            "index": "pypi",
            "version": "==4.5.2"
        },
        "multidict": {
            "hashes": [
                "sha256:1ece5a3369835c20ed57adadc663400b5525904e53bae59ec854a5d36b39b21a",
                "sha256:275ca32383bc5d1894b6975bb4ca6a7ff16ab76fa622967625baeebcf8079000",
                "sha256:3750f2205b800aac4bb03b5ae48025a64e474d2c6cc79547988ba1d4122a09e2",
                "sha256:4538273208e7294b2659b1602490f4ed3ab1c8cf9dbdd817e0e9db8e64be2507",
                "sha256:5141c13374e6b25fe6bf092052ab55c0c03d21bd66c94a0e3ae371d3e4d865a5",
                "sha256:51a4d210404ac61d32dada00a50ea7ba412e6ea945bbe992e4d7a595276d2ec7",
                "sha256:5cf311a0f5ef80fe73e4f4c0f0998ec08f954a6ec72b746f3c179e37de1d210d",
                "sha256:6513728873f4326999429a8b00fc7ceddb2509b01d5fd3f3be7881a257b8d463",
                "sha256:7388d2ef3c55a8ba80da62ecfafa06a1c097c18032a501ffd4cabbc52d7f2b19",
                "sha256:9456e90649005ad40558f4cf51dbb842e32807df75146c6d940b6f5abb4a78f3",
                "sha256:c026fe9a05130e44157b98fea3ab12969e5b60691a276150db9eda71710cd10b",
                "sha256:d14842362ed4cf63751648e7672f7174c9818459d169231d03c56e84daf90b7c",
                "sha256:e0d072ae0f2a179c375f67e3da300b47e1a83293c554450b29c900e50afaae87",
                "sha256:f07acae137b71af3bb548bd8da720956a3bc9f9a0b87733e0899226a2317aeb7",
                "sha256:fbb77a75e529021e7c4a8d4e823d88ef4d23674a202be4f5addffc72cbb91430",
                "sha256:fcfbb44c59af3f8ea984de67ec7c306f618a3ec771c2843804069917a8f2e255",
                "sha256:feed85993dbdb1dbc29102f50bca65bdc68f2c0c8d352468c25b54874f23c39d"
            ],
            "markers": "python_version >= '3.5'",
            "version": "==4.7.6"
        },
        "praw": {
            "hashes": [
                "sha256:6b93ad1e53385c68753203ec87f4d0053b2425b09fc8813847800a542efdfe6c",
                "sha256:fb55e46203a771342da7cbe144fbcd8c61d825719ce1025bdd72112194a0228f"
            ],
            "index": "pypi",
            "version": "==7.1.0"
        },
        "prawcore": {
            "hashes": [
                "sha256:1f1eafc8a65d671f9892354f73142014fbb5d3a9ee621568c662d0a354e0578b",
                "sha256:672d8a2faa12b44307874b2acfdd27f9cbaa5fa37bada4b34e36277224e6d8ed"
            ],
            "markers": "python_version >= '3.5'",
            "version": "==1.5.0"
        },
        "psutil": {
            "hashes": [
                "sha256:0ee3c36428f160d2d8fce3c583a0353e848abb7de9732c50cf3356dd49ad63f8",
                "sha256:10512b46c95b02842c225f58fa00385c08fa00c68bac7da2d9a58ebe2c517498",
                "sha256:4080869ed93cce662905b029a1770fe89c98787e543fa7347f075ade761b19d6",
                "sha256:5e9d0f26d4194479a13d5f4b3798260c20cecf9ac9a461e718eb59ea520a360c",
                "sha256:66c18ca7680a31bf16ee22b1d21b6397869dda8059dbdb57d9f27efa6615f195",
                "sha256:68d36986ded5dac7c2dcd42f2682af1db80d4bce3faa126a6145c1637e1b559f",
                "sha256:90990af1c3c67195c44c9a889184f84f5b2320dce3ee3acbd054e3ba0b4a7beb",
                "sha256:a5b120bb3c0c71dfe27551f9da2f3209a8257a178ed6c628a819037a8df487f1",
                "sha256:d8a82162f23c53b8525cf5f14a355f5d1eea86fa8edde27287dd3a98399e4fdf",
                "sha256:f2018461733b23f308c298653c8903d32aaad7873d25e1d228765e91ae42c3f2",
                "sha256:ff1977ba1a5f71f89166d5145c3da1cea89a0fdb044075a12c720ee9123ec818"
            ],
            "index": "pypi",
            "version": "==5.7.2"
        },
        "pycparser": {
            "hashes": [
                "sha256:2d475327684562c3a96cc71adf7dc8c4f0565175cf86b6d7a404ff4c771f15f0",
                "sha256:7582ad22678f0fcd81102833f60ef8d0e57288b6b5fb00323d101be910e35705"
            ],
            "markers": "python_version >= '2.7' and python_version not in '3.0, 3.1, 3.2, 3.3'",
            "version": "==2.20"
        },
        "pynacl": {
            "hashes": [
                "sha256:05c26f93964373fc0abe332676cb6735f0ecad27711035b9472751faa8521255",
                "sha256:0c6100edd16fefd1557da078c7a31e7b7d7a52ce39fdca2bec29d4f7b6e7600c",
                "sha256:0d0a8171a68edf51add1e73d2159c4bc19fc0718e79dec51166e940856c2f28e",
                "sha256:1c780712b206317a746ace34c209b8c29dbfd841dfbc02aa27f2084dd3db77ae",
                "sha256:2424c8b9f41aa65bbdbd7a64e73a7450ebb4aa9ddedc6a081e7afcc4c97f7621",
                "sha256:2d23c04e8d709444220557ae48ed01f3f1086439f12dbf11976e849a4926db56",
                "sha256:30f36a9c70450c7878053fa1344aca0145fd47d845270b43a7ee9192a051bf39",
                "sha256:37aa336a317209f1bb099ad177fef0da45be36a2aa664507c5d72015f956c310",
                "sha256:4943decfc5b905748f0756fdd99d4f9498d7064815c4cf3643820c9028b711d1",
                "sha256:53126cd91356342dcae7e209f840212a58dcf1177ad52c1d938d428eebc9fee5",
                "sha256:57ef38a65056e7800859e5ba9e6091053cd06e1038983016effaffe0efcd594a",
                "sha256:5bd61e9b44c543016ce1f6aef48606280e45f892a928ca7068fba30021e9b786",
                "sha256:6482d3017a0c0327a49dddc8bd1074cc730d45db2ccb09c3bac1f8f32d1eb61b",
                "sha256:7d3ce02c0784b7cbcc771a2da6ea51f87e8716004512493a2b69016326301c3b",
                "sha256:a14e499c0f5955dcc3991f785f3f8e2130ed504fa3a7f44009ff458ad6bdd17f",
                "sha256:a39f54ccbcd2757d1d63b0ec00a00980c0b382c62865b61a505163943624ab20",
                "sha256:aabb0c5232910a20eec8563503c153a8e78bbf5459490c49ab31f6adf3f3a415",
                "sha256:bd4ecb473a96ad0f90c20acba4f0bf0df91a4e03a1f4dd6a4bdc9ca75aa3a715",
                "sha256:bf459128feb543cfca16a95f8da31e2e65e4c5257d2f3dfa8c0c1031139c9c92",
                "sha256:e2da3c13307eac601f3de04887624939aca8ee3c9488a0bb0eca4fb9401fc6b1",
                "sha256:f67814c38162f4deb31f68d590771a29d5ae3b1bd64b75cf232308e5c74777e0"
            ],
            "version": "==1.3.0"
        },
        "python-dateutil": {
            "hashes": [
                "sha256:73ebfe9dbf22e832286dafa60473e4cd239f8592f699aa5adaf10050e6e1823c",
                "sha256:75bb3f31ea686f1197762692a9ee6a7550b59fc6ca3a1f4b5d7e32fb98e2da2a"
            ],
            "index": "pypi",
            "version": "==2.8.1"
        },
        "python-dotenv": {
            "hashes": [
                "sha256:8c10c99a1b25d9a68058a1ad6f90381a62ba68230ca93966882a4dbc3bc9c33d",
                "sha256:c10863aee750ad720f4f43436565e4c1698798d763b63234fb5021b6c616e423"
            ],
            "index": "pypi",
            "version": "==0.14.0"
        },
        "requests": {
            "hashes": [
                "sha256:b3559a131db72c33ee969480840fff4bb6dd111de7dd27c8ee1f820f4f00231b",
                "sha256:fe75cc94a9443b9246fc7049224f75604b113c36acb93f87b80ed42c44cbb898"
            ],
            "markers": "python_version >= '2.7' and python_version not in '3.0, 3.1, 3.2, 3.3, 3.4'",
            "version": "==2.24.0"
        },
        "six": {
            "hashes": [
                "sha256:30639c035cdb23534cd4aa2dd52c3bf48f06e5f4a941509c8bafd8ce11080259",
                "sha256:8b74bedcbbbaca38ff6d7491d76f2b06b3592611af620f8426e82dddb04a5ced"
            ],
            "markers": "python_version >= '2.7' and python_version not in '3.0, 3.1, 3.2'",
            "version": "==1.15.0"
        },
        "soupsieve": {
            "hashes": [
                "sha256:1634eea42ab371d3d346309b93df7870a88610f0725d47528be902a0d95ecc55",
                "sha256:a59dc181727e95d25f781f0eb4fd1825ff45590ec8ff49eadfd7f1a537cc0232"
            ],
            "markers": "python_version >= '3.5'",
            "version": "==2.0.1"
        },
        "update-checker": {
            "hashes": [
                "sha256:6a2d45bb4ac585884a6b03f9eade9161cedd9e8111545141e9aa9058932acb13",
                "sha256:cbba64760a36fe2640d80d85306e8fe82b6816659190993b7bdabadee4d4bbfd"
            ],
            "version": "==0.18.0"
        },
        "urllib3": {
            "hashes": [
                "sha256:91056c15fa70756691db97756772bb1eb9678fa585d9184f24534b100dc60f4a",
                "sha256:e7983572181f5e1522d9c98453462384ee92a0be7fac5f1413a1e35c56cc0461"
            ],
            "markers": "python_version >= '2.7' and python_version not in '3.0, 3.1, 3.2, 3.3, 3.4' and python_version < '4'",
            "version": "==1.25.10"
        },
        "websocket-client": {
            "hashes": [
                "sha256:0fc45c961324d79c781bab301359d5a1b00b13ad1b10415a4780229ef71a5549",
                "sha256:d735b91d6d1692a6a181f2a8c9e0238e5f6373356f561bb9dc4c7af36f452010"
            ],
            "version": "==0.57.0"
        },
        "yarl": {
            "hashes": [
                "sha256:040b237f58ff7d800e6e0fd89c8439b841f777dd99b4a9cca04d6935564b9409",
                "sha256:17668ec6722b1b7a3a05cc0167659f6c95b436d25a36c2d52db0eca7d3f72593",
                "sha256:3a584b28086bc93c888a6c2aa5c92ed1ae20932f078c46509a66dce9ea5533f2",
                "sha256:4439be27e4eee76c7632c2427ca5e73703151b22cae23e64adb243a9c2f565d8",
                "sha256:48e918b05850fffb070a496d2b5f97fc31d15d94ca33d3d08a4f86e26d4e7c5d",
                "sha256:9102b59e8337f9874638fcfc9ac3734a0cfadb100e47d55c20d0dc6087fb4692",
                "sha256:9b930776c0ae0c691776f4d2891ebc5362af86f152dd0da463a6614074cb1b02",
                "sha256:b3b9ad80f8b68519cc3372a6ca85ae02cc5a8807723ac366b53c0f089db19e4a",
                "sha256:bc2f976c0e918659f723401c4f834deb8a8e7798a71be4382e024bcc3f7e23a8",
                "sha256:c22c75b5f394f3d47105045ea551e08a3e804dc7e01b37800ca35b58f856c3d6",
                "sha256:c52ce2883dc193824989a9b97a76ca86ecd1fa7955b14f87bf367a61b6232511",
                "sha256:ce584af5de8830d8701b8979b18fcf450cef9a382b1a3c8ef189bedc408faf1e",
                "sha256:da456eeec17fa8aa4594d9a9f27c0b1060b6a75f2419fe0c00609587b2695f4a",
                "sha256:db6db0f45d2c63ddb1a9d18d1b9b22f308e52c83638c26b422d520a815c4b3fb",
                "sha256:df89642981b94e7db5596818499c4b2219028f2a528c9c37cc1de45bf2fd3a3f",
                "sha256:f18d68f2be6bf0e89f1521af2b1bb46e66ab0018faafa81d70f358153170a317",
                "sha256:f379b7f83f23fe12823085cd6b906edc49df969eb99757f58ff382349a3303c6"
            ],
            "markers": "python_version >= '3.5'",
            "version": "==1.5.1"
        },
        "youtube-dl": {
            "hashes": [
                "sha256:012de159061570a6107e2da9a24d9ce628f045604471192f4b66236a6915a1f8",
                "sha256:67fb9bfa30f5b8f06227c478a8a6ed04af1f97ad4e81dd7e2ce518df3e275391"
            ],
            "index": "pypi",
            "version": "==2020.9.20"
        }
    },
    "develop": {
        "appdirs": {
            "hashes": [
                "sha256:7d5d0167b2b1ba821647616af46a749d1c653740dd0d2415100fe26e27afdf41",
                "sha256:a841dacd6b99318a741b166adb07e19ee71a274450e68237b4650ca1055ab128"
            ],
            "version": "==1.4.4"
        },
        "cfgv": {
            "hashes": [
                "sha256:32e43d604bbe7896fe7c248a9c2276447dbef840feb28fe20494f62af110211d",
                "sha256:cf22deb93d4bcf92f345a5c3cd39d3d41d6340adc60c78bbbd6588c384fda6a1"
            ],
            "markers": "python_full_version >= '3.6.1'",
            "version": "==3.2.0"
        },
        "distlib": {
            "hashes": [
                "sha256:8c09de2c67b3e7deef7184574fc060ab8a793e7adbb183d942c389c8b13c52fb",
                "sha256:edf6116872c863e1aa9d5bb7cb5e05a022c519a4594dc703843343a9ddd9bff1"
            ],
            "version": "==0.3.1"
        },
        "filelock": {
            "hashes": [
                "sha256:18d82244ee114f543149c66a6e0c14e9c4f8a1044b5cdaadd0f82159d6a6ff59",
                "sha256:929b7d63ec5b7d6b71b0fa5ac14e030b3f70b75747cef1b10da9b879fef15836"
            ],
            "version": "==3.0.12"
        },
        "flake8": {
            "hashes": [
                "sha256:15e351d19611c887e482fb960eae4d44845013cc142d42896e9862f775d8cf5c",
                "sha256:f04b9fcbac03b0a3e58c0ab3a0ecc462e023a9faf046d57794184028123aa208"
            ],
            "index": "pypi",
            "version": "==3.8.3"
        },
        "identify": {
            "hashes": [
                "sha256:d7da7de6825568daa4449858ce328ecc0e1ada2554d972a6f4f90e736aaf499a",
                "sha256:e4db4796b3b0cf4f9cb921da51430abffff2d4ba7d7c521184ed5252bd90d461"
            ],
            "markers": "python_version >= '2.7' and python_version not in '3.0, 3.1, 3.2, 3.3'",
            "version": "==1.5.4"
        },
        "mccabe": {
            "hashes": [
                "sha256:ab8a6258860da4b6677da4bd2fe5dc2c659cff31b3ee4f7f5d64e79735b80d42",
                "sha256:dd8d182285a0fe56bace7f45b5e7d1a6ebcbf524e8f3bd87eb0f125271b8831f"
            ],
            "version": "==0.6.1"
        },
        "nodeenv": {
            "hashes": [
                "sha256:5304d424c529c997bc888453aeaa6362d242b6b4631e90f3d4bf1b290f1c84a9",
                "sha256:ab45090ae383b716c4ef89e690c41ff8c2b257b85b309f01f3654df3d084bd7c"
            ],
            "version": "==1.5.0"
        },
        "pre-commit": {
            "hashes": [
                "sha256:810aef2a2ba4f31eed1941fc270e72696a1ad5590b9751839c90807d0fff6b9a",
                "sha256:c54fd3e574565fe128ecc5e7d2f91279772ddb03f8729645fa812fe809084a70"
            ],
            "index": "pypi",
            "version": "==2.7.1"
        },
        "pycodestyle": {
            "hashes": [
                "sha256:2295e7b2f6b5bd100585ebcb1f616591b652db8a741695b3d8f5d28bdc934367",
                "sha256:c58a7d2815e0e8d7972bf1803331fb0152f867bd89adf8a01dfd55085434192e"
            ],
            "markers": "python_version >= '2.7' and python_version not in '3.0, 3.1, 3.2, 3.3'",
            "version": "==2.6.0"
        },
        "pyflakes": {
            "hashes": [
                "sha256:0d94e0e05a19e57a99444b6ddcf9a6eb2e5c68d3ca1e98e90707af8152c90a92",
                "sha256:35b2d75ee967ea93b55750aa9edbbf72813e06a66ba54438df2cfac9e3c27fc8"
            ],
            "markers": "python_version >= '2.7' and python_version not in '3.0, 3.1, 3.2, 3.3'",
            "version": "==2.2.0"
        },
        "pyyaml": {
            "hashes": [
                "sha256:06a0d7ba600ce0b2d2fe2e78453a470b5a6e000a985dd4a4e54e436cc36b0e97",
                "sha256:240097ff019d7c70a4922b6869d8a86407758333f02203e0fc6ff79c5dcede76",
                "sha256:4f4b913ca1a7319b33cfb1369e91e50354d6f07a135f3b901aca02aa95940bd2",
                "sha256:69f00dca373f240f842b2931fb2c7e14ddbacd1397d57157a9b005a6a9942648",
                "sha256:73f099454b799e05e5ab51423c7bcf361c58d3206fa7b0d555426b1f4d9a3eaf",
                "sha256:74809a57b329d6cc0fdccee6318f44b9b8649961fa73144a98735b0aaf029f1f",
                "sha256:7739fc0fa8205b3ee8808aea45e968bc90082c10aef6ea95e855e10abf4a37b2",
                "sha256:95f71d2af0ff4227885f7a6605c37fd53d3a106fcab511b8860ecca9fcf400ee",
                "sha256:b8eac752c5e14d3eca0e6dd9199cd627518cb5ec06add0de9d32baeee6fe645d",
                "sha256:cc8955cfbfc7a115fa81d85284ee61147059a753344bc51098f3ccd69b0d7e0c",
                "sha256:d13155f591e6fcc1ec3b30685d50bf0711574e2c0dfffd7644babf8b5102ca1a"
            ],
            "version": "==5.3.1"
        },
        "six": {
            "hashes": [
                "sha256:30639c035cdb23534cd4aa2dd52c3bf48f06e5f4a941509c8bafd8ce11080259",
                "sha256:8b74bedcbbbaca38ff6d7491d76f2b06b3592611af620f8426e82dddb04a5ced"
            ],
            "markers": "python_version >= '2.7' and python_version not in '3.0, 3.1, 3.2'",
            "version": "==1.15.0"
        },
        "toml": {
            "hashes": [
                "sha256:926b612be1e5ce0634a2ca03470f95169cf16f939018233a670519cb4ac58b0f",
                "sha256:bda89d5935c2eac546d648028b9901107a595863cb36bae0c73ac804a9b4ce88"
            ],
            "version": "==0.10.1"
        },
        "virtualenv": {
            "hashes": [
                "sha256:43add625c53c596d38f971a465553f6318decc39d98512bc100fa1b1e839c8dc",
                "sha256:e0305af10299a7fb0d69393d8f04cb2965dda9351140d11ac8db4e5e3970451b"
            ],
            "markers": "python_version >= '2.7' and python_version not in '3.0, 3.1, 3.2, 3.3'",
            "version": "==20.0.31"
        }
    }
}
